
Microsoft Visual Studio Solution File, Format Version 12.00
# Visual Studio Version 17
VisualStudioVersion = 17.5.33516.290
MinimumVisualStudioVersion = 10.0.40219.1
Project("{FAE04EC0-301F-11D3-BF4B-00C04F79EFBC}") = "GrpcStockExample", "GrpcStpckExample\GrpcStockExample.csproj", "{8869C011-578E-47DC-A6AC-47C6245A2C50}"
EndProject
Project("{FAE04EC0-301F-11D3-BF4B-00C04F79EFBC}") = "GrpcStpckExample.Client", "GrpcStpckExample.Client\GrpcStpckExample.Client.csproj", "{FDFCE4D2-48B1-468D-BBF6-FD566F7158EB}"
EndProject
Global
	GlobalSection(SolutionConfigurationPlatforms) = preSolution
		Debug|Any CPU = Debug|Any CPU
		Release|Any CPU = Release|Any CPU
	EndGlobalSection
	GlobalSection(ProjectConfigurationPlatforms) = postSolution
		{8869C011-578E-47DC-A6AC-47C6245A2C50}.Debug|Any CPU.ActiveCfg = Debug|Any CPU
		{8869C011-578E-47DC-A6AC-47C6245A2C50}.Debug|Any CPU.Build.0 = Debug|Any CPU
		{8869C011-578E-47DC-A6AC-47C6245A2C50}.Release|Any CPU.ActiveCfg = Release|Any CPU
		{8869C011-578E-47DC-A6AC-47C6245A2C50}.Release|Any CPU.Build.0 = Release|Any CPU
		{FDFCE4D2-48B1-468D-BBF6-FD566F7158EB}.Debug|Any CPU.ActiveCfg = Debug|Any CPU
		{FDFCE4D2-48B1-468D-BBF6-FD566F7158EB}.Debug|Any CPU.Build.0 = Debug|Any CPU
		{FDFCE4D2-48B1-468D-BBF6-FD566F7158EB}.Release|Any CPU.ActiveCfg = Release|Any CPU
		{FDFCE4D2-48B1-468D-BBF6-FD566F7158EB}.Release|Any CPU.Build.0 = Release|Any CPU
	EndGlobalSection
	GlobalSection(SolutionProperties) = preSolution
		HideSolutionNode = FALSE
	EndGlobalSection
	GlobalSection(ExtensibilityGlobals) = postSolution
		SolutionGuid = {6BA03198-7D8D-4C9E-BB0D-7C4728FB6C5F}
	EndGlobalSection
EndGlobal
